// !$*UTF8*$!
{
	archiveVersion = 1;
	classes = {
	};
	objectVersion = 46;
	objects = {

/* Begin PBXBuildFile section */
		08A635521D9D24B60075B5BA /* AppDelegate.swift in Sources */ = {isa = PBXBuildFile; fileRef = 08A635511D9D24B60075B5BA /* AppDelegate.swift */; };
		08A635541D9D24B60075B5BA /* ViewController.swift in Sources */ = {isa = PBXBuildFile; fileRef = 08A635531D9D24B60075B5BA /* ViewController.swift */; };
		08A635571D9D24B60075B5BA /* Main.storyboard in Resources */ = {isa = PBXBuildFile; fileRef = 08A635551D9D24B60075B5BA /* Main.storyboard */; };
		08A635591D9D24B60075B5BA /* Assets.xcassets in Resources */ = {isa = PBXBuildFile; fileRef = 08A635581D9D24B60075B5BA /* Assets.xcassets */; };
		08A6355C1D9D24B60075B5BA /* LaunchScreen.storyboard in Resources */ = {isa = PBXBuildFile; fileRef = 08A6355A1D9D24B60075B5BA /* LaunchScreen.storyboard */; };
		08A635661D9D24D40075B5BA /* PageContentView.swift in Sources */ = {isa = PBXBuildFile; fileRef = 08A635641D9D24D40075B5BA /* PageContentView.swift */; };
		08A635671D9D24D40075B5BA /* PageTitleView.swift in Sources */ = {isa = PBXBuildFile; fileRef = 08A635651D9D24D40075B5BA /* PageTitleView.swift */; };
/* End PBXBuildFile section */

/* Begin PBXFileReference section */
		08A6354E1D9D24B60075B5BA /* TestPageVIew.app */ = {isa = PBXFileReference; explicitFileType = wrapper.application; includeInIndex = 0; path = TestPageVIew.app; sourceTree = BUILT_PRODUCTS_DIR; };
		08A635511D9D24B60075B5BA /* AppDelegate.swift */ = {isa = PBXFileReference; lastKnownFileType = sourcecode.swift; path = AppDelegate.swift; sourceTree = "<group>"; };
		08A635531D9D24B60075B5BA /* ViewController.swift */ = {isa = PBXFileReference; lastKnownFileType = sourcecode.swift; path = ViewController.swift; sourceTree = "<group>"; };
		08A635561D9D24B60075B5BA /* Base */ = {isa = PBXFileReference; lastKnownFileType = file.storyboard; name = Base; path = Base.lproj/Main.storyboard; sourceTree = "<group>"; };
		08A635581D9D24B60075B5BA /* Assets.xcassets */ = {isa = PBXFileReference; lastKnownFileType = folder.assetcatalog; path = Assets.xcassets; sourceTree = "<group>"; };
		08A6355B1D9D24B60075B5BA /* Base */ = {isa = PBXFileReference; lastKnownFileType = file.storyboard; name = Base; path = Base.lproj/LaunchScreen.storyboard; sourceTree = "<group>"; };
		08A6355D1D9D24B60075B5BA /* Info.plist */ = {isa = PBXFileReference; lastKnownFileType = text.plist.xml; path = Info.plist; sourceTree = "<group>"; };
		08A635641D9D24D40075B5BA /* PageContentView.swift */ = {isa = PBXFileReference; fileEncoding = 4; lastKnownFileType = sourcecode.swift; path = PageContentView.swift; sourceTree = "<group>"; };
		08A635651D9D24D40075B5BA /* PageTitleView.swift */ = {isa = PBXFileReference; fileEncoding = 4; lastKnownFileType = sourcecode.swift; path = PageTitleView.swift; sourceTree = "<group>"; };
/* End PBXFileReference section */

/* Begin PBXFrameworksBuildPhase section */
		08A6354B1D9D24B60075B5BA /* Frameworks */ = {
			isa = PBXFrameworksBuildPhase;
			buildActionMask = 2147483647;
			files = (
			);
			runOnlyForDeploymentPostprocessing = 0;
		};
/* End PBXFrameworksBuildPhase section */

/* Begin PBXGroup section */
		08A635451D9D24B60075B5BA = {
			isa = PBXGroup;
			children = (
				08A635501D9D24B60075B5BA /* TestPageVIew */,
				08A6354F1D9D24B60075B5BA /* Products */,
			);
			sourceTree = "<group>";
		};
		08A6354F1D9D24B60075B5BA /* Products */ = {
			isa = PBXGroup;
			children = (
				08A6354E1D9D24B60075B5BA /* TestPageVIew.app */,
			);
			name = Products;
			sourceTree = "<group>";
		};
		08A635501D9D24B60075B5BA /* TestPageVIew */ = {
			isa = PBXGroup;
			children = (
				08A635631D9D24D40075B5BA /* PageView */,
				08A635511D9D24B60075B5BA /* AppDelegate.swift */,
				08A635531D9D24B60075B5BA /* ViewController.swift */,
				08A635551D9D24B60075B5BA /* Main.storyboard */,
				08A635581D9D24B60075B5BA /* Assets.xcassets */,
				08A6355A1D9D24B60075B5BA /* LaunchScreen.storyboard */,
				08A6355D1D9D24B60075B5BA /* Info.plist */,
			);
			path = TestPageVIew;
			sourceTree = "<group>";
		};
		08A635631D9D24D40075B5BA /* PageView */ = {
			isa = PBXGroup;
			children = (
				08A635641D9D24D40075B5BA /* PageContentView.swift */,
				08A635651D9D24D40075B5BA /* PageTitleView.swift */,
			);
			path = PageView;
			sourceTree = "<group>";
		};
/* End PBXGroup section */

/* Begin PBXNativeTarget section */
		08A6354D1D9D24B60075B5BA /* TestPageVIew */ = {
			isa = PBXNativeTarget;
			buildConfigurationList = 08A635601D9D24B60075B5BA /* Build configuration list for PBXNativeTarget "TestPageVIew" */;
			buildPhases = (
				08A6354A1D9D24B60075B5BA /* Sources */,
				08A6354B1D9D24B60075B5BA /* Frameworks */,
				08A6354C1D9D24B60075B5BA /* Resources */,
			);
			buildRules = (
			);
			dependencies = (
			);
			name = TestPageVIew;
			productName = TestPageVIew;
			productReference = 08A6354E1D9D24B60075B5BA /* TestPageVIew.app */;
			productType = "com.apple.product-type.application";
		};
/* End PBXNativeTarget section */

/* Begin PBXProject section */
		08A635461D9D24B60075B5BA /* Project object */ = {
			isa = PBXProject;
			attributes = {
				LastSwiftUpdateCheck = 0730;
				LastUpgradeCheck = 0730;
				ORGANIZATIONNAME = coderLL;
				TargetAttributes = {
					08A6354D1D9D24B60075B5BA = {
						CreatedOnToolsVersion = 7.3.1;
						DevelopmentTeam = K68RHF34H8;
					};
				};
			};
			buildConfigurationList = 08A635491D9D24B60075B5BA /* Build configuration list for PBXProject "TestPageVIew" */;
			compatibilityVersion = "Xcode 3.2";
			developmentRegion = English;
			hasScannedForEncodings = 0;
			knownRegions = (
				en,
				Base,
			);
			mainGroup = 08A635451D9D24B60075B5BA;
			productRefGroup = 08A6354F1D9D24B60075B5BA /* Products */;
			projectDirPath = "";
			projectRoot = "";
			targets = (
				08A6354D1D9D24B60075B5BA /* TestPageVIew */,
			);
		};
/* End PBXProject section */

/* Begin PBXResourcesBuildPhase section */
		08A6354C1D9D24B60075B5BA /* Resources */ = {
			isa = PBXResourcesBuildPhase;
			buildActionMask = 2147483647;
			files = (
				08A6355C1D9D24B60075B5BA /* LaunchScreen.storyboard in Resources */,
				08A635591D9D24B60075B5BA /* Assets.xcassets in Resources */,
				08A635571D9D24B60075B5BA /* Main.storyboard in Resources */,
			);
			runOnlyForDeploymentPostprocessing = 0;
		};
/* End PBXResourcesBuildPhase section */

/* Begin PBXSourcesBuildPhase section */
		08A6354A1D9D24B60075B5BA /* Sources */ = {
			isa = PBXSourcesBuildPhase;
			buildActionMask = 2147483647;
			files = (
				08A635671D9D24D40075B5BA /* PageTitleView.swift in Sources */,
				08A635541D9D24B60075B5BA /* ViewController.swift in Sources */,
				08A635661D9D24D40075B5BA /* PageContentView.swift in Sources */,
				08A635521D9D24B60075B5BA /* AppDelegate.swift in Sources */,
			);
			runOnlyForDeploymentPostprocessing = 0;
		};
/* End PBXSourcesBuildPhase section */

/* Begin PBXVariantGroup section */
		08A635551D9D24B60075B5BA /* Main.storyboard */ = {
			isa = PBXVariantGroup;
			children = (
				08A635561D9D24B60075B5BA /* Base */,
			);
			name = Main.storyboard;
			sourceTree = "<group>";
		};
		08A6355A1D9D24B60075B5BA /* LaunchScreen.storyboard */ = {
			isa = PBXVariantGroup;
			children = (
				08A6355B1D9D24B60075B5BA /* Base */,
			);
			name = LaunchScreen.storyboard;
			sourceTree = "<group>";
		};
/* End PBXVariantGroup section */

/* Begin XCBuildConfiguration section */
		08A6355E1D9D24B60075B5BA /* Debug */ = {
			isa = XCBuildConfiguration;
			buildSettings = {
				ALWAYS_SEARCH_USER_PATHS = NO;
				CLANG_ANALYZER_NONNULL = YES;
				CLANG_CXX_LANGUAGE_STANDARD = "gnu++0x";
				CLANG_CXX_LIBRARY = "libc++";
				CLANG_ENABLE_MODULES = YES;
				CLANG_ENABLE_OBJC_ARC = YES;
				CLANG_WARN_BOOL_CONVERSION = YES;
				CLANG_WARN_CONSTANT_CONVERSION = YES;
				CLANG_WARN_DIRECT_OBJC_ISA_USAGE = YES_ERROR;
				CLANG_WARN_EMPTY_BODY = YES;
				CLANG_WARN_ENUM_CONVERSION = YES;
				CLANG_WARN_INT_CONVERSION = YES;
				CLANG_WARN_OBJC_ROOT_CLASS = YES_ERROR;
				CLANG_WARN_UNREACHABLE_CODE = YES;
				CLANG_WARN__DUPLICATE_METHOD_MATCH = YES;
				"CODE_SIGN_IDENTITY[sdk=iphoneos*]" = "iPhone Developer";
				COPY_PHASE_STRIP = NO;
				DEBUG_INFORMATION_FORMAT = dwarf;
				ENABLE_STRICT_OBJC_MSGSEND = YES;
				ENABLE_TESTABILITY = YES;
				GCC_C_LANGUAGE_STANDARD = gnu99;
				GCC_DYNAMIC_NO_PIC = NO;
				GCC_NO_COMMON_BLOCKS = YES;
				GCC_OPTIMIZATION_LEVEL = 0;
				GCC_PREPROCESSOR_DEFINITIONS = (
					"DEBUG=1",
					"$(inherited)",
				);
				GCC_WARN_64_TO_32_BIT_CONVERSION = YES;
				GCC_WARN_ABOUT_RETURN_TYPE = YES_ERROR;
				GCC_WARN_UNDECLARED_SELECTOR = YES;
				GCC_WARN_UNINITIALIZED_AUTOS = YES_AGGRESSIVE;
				GCC_WARN_UNUSED_FUNCTION = YES;
				GCC_WARN_UNUSED_VARIABLE = YES;
				IPHONEOS_DEPLOYMENT_TARGET = 9.3;
				MTL_ENABLE_DEBUG_INFO = YES;
				ONLY_ACTIVE_ARCH = YES;
				SDKROOT = iphoneos;
				SWIFT_OPTIMIZATION_LEVEL = "-Onone";
				TARGETED_DEVICE_FAMILY = "1,2";
			};
			name = Debug;
		};
		08A6355F1D9D24B60075B5BA /* Release */ = {
			isa = XCBuildConfiguration;
			buildSettings = {
				ALWAYS_SEARCH_USER_PATHS = NO;
				CLANG_ANALYZER_NONNULL = YES;
				CLANG_CXX_LANGUAGE_STANDARD = "gnu++0x";
				CLANG_CXX_LIBRARY = "libc++";
				CLANG_ENABLE_MODULES = YES;
				CLANG_ENABLE_OBJC_ARC = YES;
				CLANG_WARN_BOOL_CONVERSION = YES;
				CLANG_WARN_CONSTANT_CONVERSION = YES;
				CLANG_WARN_DIRECT_OBJC_ISA_USAGE = YES_ERROR;
				CLANG_WARN_EMPTY_BODY = YES;
				CLANG_WARN_ENUM_CONVERSION = YES;
				CLANG_WARN_INT_CONVERSION = YES;
				CLANG_WARN_OBJC_ROOT_CLASS = YES_ERROR;
				CLANG_WARN_UNREACHABLE_CODE = YES;
				CLANG_WARN__DUPLICATE_METHOD_MATCH = YES;
				"CODE_SIGN_IDENTITY[sdk=iphoneos*]" = "iPhone Developer";
				COPY_PHASE_STRIP = NO;
				DEBUG_INFORMATION_FORMAT = "dwarf-with-dsym";
				ENABLE_NS_ASSERTIONS = NO;
				ENABLE_STRICT_OBJC_MSGSEND = YES;
				GCC_C_LANGUAGE_STANDARD = gnu99;
				GCC_NO_COMMON_BLOCKS = YES;
				GCC_WARN_64_TO_32_BIT_CONVERSION = YES;
				GCC_WARN_ABOUT_RETURN_TYPE = YES_ERROR;
				GCC_WARN_UNDECLARED_SELECTOR = YES;
				GCC_WARN_UNINITIALIZED_AUTOS = YES_AGGRESSIVE;
				GCC_WARN_UNUSED_FUNCTION = YES;
				GCC_WARN_UNUSED_VARIABLE = YES;
				IPHONEOS_DEPLOYMENT_TARGET = 9.3;
				MTL_ENABLE_DEBUG_INFO = NO;
				SDKROOT = iphoneos;
				TARGETED_DEVICE_FAMILY = "1,2";
				VALIDATE_PRODUCT = YES;
			};
			name = Release;
		};
		08A635611D9D24B60075B5BA /* Debug */ = {
			isa = XCBuildConfiguration;
			buildSettings = {
				ASSETCATALOG_COMPILER_APPICON_NAME = AppIcon;
				CODE_SIGN_IDENTITY = "iPhone Developer";
				"CODE_SIGN_IDENTITY[sdk=iphoneos*]" = "iPhone Developer";
				INFOPLIST_FILE = TestPageVIew/Info.plist;
				IPHONEOS_DEPLOYMENT_TARGET = 8.0;
				LD_RUNPATH_SEARCH_PATHS = "$(inherited) @executable_path/Frameworks";
				PRODUCT_BUNDLE_IDENTIFIER = com.cqut.coderLL.TestPageVIew;
				PRODUCT_NAME = "$(TARGET_NAME)";
				PROVISIONING_PROFILE = "";
			};
			name = Debug;
		};
		08A635621D9D24B60075B5BA /* Release */ = {
			isa = XCBuildConfiguration;
			buildSettings = {
				ASSETCATALOG_COMPILER_APPICON_NAME = AppIcon;
				CODE_SIGN_IDENTITY = "iPhone Developer";
				"CODE_SIGN_IDENTITY[sdk=iphoneos*]" = "iPhone Developer";
				INFOPLIST_FILE = TestPageVIew/Info.plist;
				IPHONEOS_DEPLOYMENT_TARGET = 8.0;
				LD_RUNPATH_SEARCH_PATHS = "$(inherited) @executable_path/Frameworks";
				PRODUCT_BUNDLE_IDENTIFIER = com.cqut.coderLL.TestPageVIew;
				PRODUCT_NAME = "$(TARGET_NAME)";
				PROVISIONING_PROFILE = "";
			};
			name = Release;
		};
/* End XCBuildConfiguration section */

/* Begin XCConfigurationList section */
		08A635491D9D24B60075B5BA /* Build configuration list for PBXProject "TestPageVIew" */ = {
			isa = XCConfigurationList;
			buildConfigurations = (
				08A6355E1D9D24B60075B5BA /* Debug */,
				08A6355F1D9D24B60075B5BA /* Release */,
			);
			defaultConfigurationIsVisible = 0;
			defaultConfigurationName = Release;
		};
		08A635601D9D24B60075B5BA /* Build configuration list for PBXNativeTarget "TestPageVIew" */ = {
			isa = XCConfigurationList;
			buildConfigurations = (
				08A635611D9D24B60075B5BA /* Debug */,
				08A635621D9D24B60075B5BA /* Release */,
			);
			defaultConfigurationIsVisible = 0;
			defaultConfigurationName = Release;
		};
/* End XCConfigurationList section */
	};
	rootObject = 08A635461D9D24B60075B5BA /* Project object */;
}
